// !$*UTF8*$!
{
	archiveVersion = 1;
	classes = {
	};
	objectVersion = 46;
	objects = {

/* Begin PBXBuildFile section */
		540E010E19AC6FF8008538D3 /* main.m in Sources */ = {isa = PBXBuildFile; fileRef = 540E010D19AC6FF8008538D3 /* main.m */; };
		540E011119AC6FF8008538D3 /* AppDelegate.m in Sources */ = {isa = PBXBuildFile; fileRef = 540E011019AC6FF8008538D3 /* AppDelegate.m */; };
		540E011319AC6FF8008538D3 /* Images.xcassets in Resources */ = {isa = PBXBuildFile; fileRef = 540E011219AC6FF8008538D3 /* Images.xcassets */; };
		540E011619AC6FF8008538D3 /* MainMenu.xib in Resources */ = {isa = PBXBuildFile; fileRef = 540E011419AC6FF8008538D3 /* MainMenu.xib */; };
		540E012219AC6FF9008538D3 /* LibHangulTests.m in Sources */ = {isa = PBXBuildFile; fileRef = 540E012119AC6FF9008538D3 /* LibHangulTests.m */; };
		540E012F19AC7084008538D3 /* InputMethodKit.framework in Frameworks */ = {isa = PBXBuildFile; fileRef = 540E012E19AC7084008538D3 /* InputMethodKit.framework */; };
		540E013219AC70C8008538D3 /* AewolInputController.m in Sources */ = {isa = PBXBuildFile; fileRef = 540E013119AC70C8008538D3 /* AewolInputController.m */; };
		540E013319AC70C8008538D3 /* AewolInputController.m in Sources */ = {isa = PBXBuildFile; fileRef = 540E013119AC70C8008538D3 /* AewolInputController.m */; };
		540E013619AC73EE008538D3 /* InputMethodKit.framework in Frameworks */ = {isa = PBXBuildFile; fileRef = 540E012E19AC7084008538D3 /* InputMethodKit.framework */; };
		540E013A19AD7526008538D3 /* libhangul.a in Frameworks */ = {isa = PBXBuildFile; fileRef = 540E013919AD7526008538D3 /* libhangul.a */; };
		5431BBC819BFBDD9003D59B7 /* han2_rev.png in Resources */ = {isa = PBXBuildFile; fileRef = 5431BBC019BFBDD9003D59B7 /* han2_rev.png */; };
		5431BBC919BFBDD9003D59B7 /* han2_rev@2x.png in Resources */ = {isa = PBXBuildFile; fileRef = 5431BBC119BFBDD9003D59B7 /* han2_rev@2x.png */; };
		5431BBCA19BFBDD9003D59B7 /* han2.png in Resources */ = {isa = PBXBuildFile; fileRef = 5431BBC219BFBDD9003D59B7 /* han2.png */; };
		5431BBCB19BFBDD9003D59B7 /* han2@2x.png in Resources */ = {isa = PBXBuildFile; fileRef = 5431BBC319BFBDD9003D59B7 /* han2@2x.png */; };
		5431BBCC19BFBDD9003D59B7 /* han3_rev.png in Resources */ = {isa = PBXBuildFile; fileRef = 5431BBC419BFBDD9003D59B7 /* han3_rev.png */; };
		5431BBCD19BFBDD9003D59B7 /* han3_rev@2x.png in Resources */ = {isa = PBXBuildFile; fileRef = 5431BBC519BFBDD9003D59B7 /* han3_rev@2x.png */; };
		5431BBCE19BFBDD9003D59B7 /* han3.png in Resources */ = {isa = PBXBuildFile; fileRef = 5431BBC619BFBDD9003D59B7 /* han3.png */; };
		5431BBCF19BFBDD9003D59B7 /* han3@2x.png in Resources */ = {isa = PBXBuildFile; fileRef = 5431BBC719BFBDD9003D59B7 /* han3@2x.png */; };
		54340DEB19B735E500E027F9 /* AewolInputTests.m in Sources */ = {isa = PBXBuildFile; fileRef = 54340DEA19B735E500E027F9 /* AewolInputTests.m */; };
		5439104D19AE1BC200766375 /* libhangul.a in Frameworks */ = {isa = PBXBuildFile; fileRef = 540E013919AD7526008538D3 /* libhangul.a */; };
		5441611D19BF254B005178F1 /* qw_rev.png in Resources */ = {isa = PBXBuildFile; fileRef = 5441611519BF254A005178F1 /* qw_rev.png */; };
		5441611E19BF254B005178F1 /* qw_rev@2x.png in Resources */ = {isa = PBXBuildFile; fileRef = 5441611619BF254A005178F1 /* qw_rev@2x.png */; };
		5441611F19BF254B005178F1 /* qw.png in Resources */ = {isa = PBXBuildFile; fileRef = 5441611719BF254A005178F1 /* qw.png */; };
		5441612019BF254B005178F1 /* qw@2x.png in Resources */ = {isa = PBXBuildFile; fileRef = 5441611819BF254A005178F1 /* qw@2x.png */; };
		5441612119BF254B005178F1 /* dv_rev.png in Resources */ = {isa = PBXBuildFile; fileRef = 5441611919BF254A005178F1 /* dv_rev.png */; };
		5441612219BF254B005178F1 /* dv_rev@2x.png in Resources */ = {isa = PBXBuildFile; fileRef = 5441611A19BF254B005178F1 /* dv_rev@2x.png */; };
		5441612319BF254B005178F1 /* dv.png in Resources */ = {isa = PBXBuildFile; fileRef = 5441611B19BF254B005178F1 /* dv.png */; };
		5441612419BF254B005178F1 /* dv@2x.png in Resources */ = {isa = PBXBuildFile; fileRef = 5441611C19BF254B005178F1 /* dv@2x.png */; };
		547B335A19ADBF1D0058731C /* InfoPlist.strings in Resources */ = {isa = PBXBuildFile; fileRef = 547B335919ADBF1D0058731C /* InfoPlist.strings */; };
/* End PBXBuildFile section */

/* Begin PBXContainerItemProxy section */
		540E011C19AC6FF9008538D3 /* PBXContainerItemProxy */ = {
			isa = PBXContainerItemProxy;
			containerPortal = 540E010019AC6FF8008538D3 /* Project object */;
			proxyType = 1;
			remoteGlobalIDString = 540E010719AC6FF8008538D3;
			remoteInfo = AewolHangulInput;
		};
		540E013C19ADAEC8008538D3 /* PBXContainerItemProxy */ = {
			isa = PBXContainerItemProxy;
			containerPortal = 540E010019AC6FF8008538D3 /* Project object */;
			proxyType = 1;
			remoteGlobalIDString = 540E010719AC6FF8008538D3;
			remoteInfo = AewolInputMethod;
		};
/* End PBXContainerItemProxy section */

/* Begin PBXFileReference section */
		540E010819AC6FF8008538D3 /* AewolInputMethod.app */ = {isa = PBXFileReference; explicitFileType = wrapper.application; includeInIndex = 0; path = AewolInputMethod.app; sourceTree = BUILT_PRODUCTS_DIR; };
		540E010C19AC6FF8008538D3 /* Info.plist */ = {isa = PBXFileReference; lastKnownFileType = text.plist.xml; path = Info.plist; sourceTree = "<group>"; };
		540E010D19AC6FF8008538D3 /* main.m */ = {isa = PBXFileReference; lastKnownFileType = sourcecode.c.objc; path = main.m; sourceTree = "<group>"; };
		540E010F19AC6FF8008538D3 /* AppDelegate.h */ = {isa = PBXFileReference; lastKnownFileType = sourcecode.c.h; path = AppDelegate.h; sourceTree = "<group>"; };
		540E011019AC6FF8008538D3 /* AppDelegate.m */ = {isa = PBXFileReference; lastKnownFileType = sourcecode.c.objc; path = AppDelegate.m; sourceTree = "<group>"; };
		540E011219AC6FF8008538D3 /* Images.xcassets */ = {isa = PBXFileReference; lastKnownFileType = folder.assetcatalog; path = Images.xcassets; sourceTree = "<group>"; };
		540E011519AC6FF8008538D3 /* Base */ = {isa = PBXFileReference; lastKnownFileType = file.xib; name = Base; path = Base.lproj/MainMenu.xib; sourceTree = "<group>"; };
		540E011B19AC6FF9008538D3 /* AewolInputMethodTests.xctest */ = {isa = PBXFileReference; explicitFileType = wrapper.cfbundle; includeInIndex = 0; path = AewolInputMethodTests.xctest; sourceTree = BUILT_PRODUCTS_DIR; };
		540E012019AC6FF9008538D3 /* Info.plist */ = {isa = PBXFileReference; lastKnownFileType = text.plist.xml; path = Info.plist; sourceTree = "<group>"; };
		540E012119AC6FF9008538D3 /* LibHangulTests.m */ = {isa = PBXFileReference; lastKnownFileType = sourcecode.c.objc; path = LibHangulTests.m; sourceTree = "<group>"; };
		540E012E19AC7084008538D3 /* InputMethodKit.framework */ = {isa = PBXFileReference; lastKnownFileType = wrapper.framework; name = InputMethodKit.framework; path = System/Library/Frameworks/InputMethodKit.framework; sourceTree = SDKROOT; };
		540E013019AC70C8008538D3 /* AewolInputController.h */ = {isa = PBXFileReference; fileEncoding = 4; lastKnownFileType = sourcecode.c.h; path = AewolInputController.h; sourceTree = "<group>"; };
		540E013119AC70C8008538D3 /* AewolInputController.m */ = {isa = PBXFileReference; fileEncoding = 4; lastKnownFileType = sourcecode.c.objc; path = AewolInputController.m; sourceTree = "<group>"; };
		540E013919AD7526008538D3 /* libhangul.a */ = {isa = PBXFileReference; lastKnownFileType = archive.ar; path = libhangul.a; sourceTree = "<group>"; };
		540E013B19AD7578008538D3 /* hangul.h */ = {isa = PBXFileReference; fileEncoding = 4; lastKnownFileType = sourcecode.c.h; path = hangul.h; sourceTree = "<group>"; };
		5431BBC019BFBDD9003D59B7 /* han2_rev.png */ = {isa = PBXFileReference; lastKnownFileType = image.png; path = han2_rev.png; sourceTree = "<group>"; };
		5431BBC119BFBDD9003D59B7 /* han2_rev@2x.png */ = {isa = PBXFileReference; lastKnownFileType = image.png; path = "han2_rev@2x.png"; sourceTree = "<group>"; };
		5431BBC219BFBDD9003D59B7 /* han2.png */ = {isa = PBXFileReference; lastKnownFileType = image.png; path = han2.png; sourceTree = "<group>"; };
		5431BBC319BFBDD9003D59B7 /* han2@2x.png */ = {isa = PBXFileReference; lastKnownFileType = image.png; path = "han2@2x.png"; sourceTree = "<group>"; };
		5431BBC419BFBDD9003D59B7 /* han3_rev.png */ = {isa = PBXFileReference; lastKnownFileType = image.png; path = han3_rev.png; sourceTree = "<group>"; };
		5431BBC519BFBDD9003D59B7 /* han3_rev@2x.png */ = {isa = PBXFileReference; lastKnownFileType = image.png; path = "han3_rev@2x.png"; sourceTree = "<group>"; };
		5431BBC619BFBDD9003D59B7 /* han3.png */ = {isa = PBXFileReference; lastKnownFileType = image.png; path = han3.png; sourceTree = "<group>"; };
		5431BBC719BFBDD9003D59B7 /* han3@2x.png */ = {isa = PBXFileReference; lastKnownFileType = image.png; path = "han3@2x.png"; sourceTree = "<group>"; };
		54340DEA19B735E500E027F9 /* AewolInputTests.m */ = {isa = PBXFileReference; fileEncoding = 4; lastKnownFileType = sourcecode.c.objc; path = AewolInputTests.m; sourceTree = "<group>"; };
		5441611519BF254A005178F1 /* qw_rev.png */ = {isa = PBXFileReference; lastKnownFileType = image.png; path = qw_rev.png; sourceTree = "<group>"; };
		5441611619BF254A005178F1 /* qw_rev@2x.png */ = {isa = PBXFileReference; lastKnownFileType = image.png; path = "qw_rev@2x.png"; sourceTree = "<group>"; };
		5441611719BF254A005178F1 /* qw.png */ = {isa = PBXFileReference; lastKnownFileType = image.png; path = qw.png; sourceTree = "<group>"; };
		5441611819BF254A005178F1 /* qw@2x.png */ = {isa = PBXFileReference; lastKnownFileType = image.png; path = "qw@2x.png"; sourceTree = "<group>"; };
		5441611919BF254A005178F1 /* dv_rev.png */ = {isa = PBXFileReference; lastKnownFileType = image.png; path = dv_rev.png; sourceTree = "<group>"; };
		5441611A19BF254B005178F1 /* dv_rev@2x.png */ = {isa = PBXFileReference; lastKnownFileType = image.png; path = "dv_rev@2x.png"; sourceTree = "<group>"; };
		5441611B19BF254B005178F1 /* dv.png */ = {isa = PBXFileReference; lastKnownFileType = image.png; path = dv.png; sourceTree = "<group>"; };
		5441611C19BF254B005178F1 /* dv@2x.png */ = {isa = PBXFileReference; lastKnownFileType = image.png; path = "dv@2x.png"; sourceTree = "<group>"; };
		547B335919ADBF1D0058731C /* InfoPlist.strings */ = {isa = PBXFileReference; fileEncoding = 4; lastKnownFileType = text.plist.strings; path = InfoPlist.strings; sourceTree = "<group>"; };
/* End PBXFileReference section */

/* Begin PBXFrameworksBuildPhase section */
		540E010519AC6FF8008538D3 /* Frameworks */ = {
			isa = PBXFrameworksBuildPhase;
			buildActionMask = 2147483647;
			files = (
				5439104D19AE1BC200766375 /* libhangul.a in Frameworks */,
				540E012F19AC7084008538D3 /* InputMethodKit.framework in Frameworks */,
			);
			runOnlyForDeploymentPostprocessing = 0;
		};
		540E011819AC6FF9008538D3 /* Frameworks */ = {
			isa = PBXFrameworksBuildPhase;
			buildActionMask = 2147483647;
			files = (
				540E013A19AD7526008538D3 /* libhangul.a in Frameworks */,
				540E013619AC73EE008538D3 /* InputMethodKit.framework in Frameworks */,
			);
			runOnlyForDeploymentPostprocessing = 0;
		};
/* End PBXFrameworksBuildPhase section */

/* Begin PBXGroup section */
		540E00FF19AC6FF8008538D3 = {
			isa = PBXGroup;
			children = (
				540E013B19AD7578008538D3 /* hangul.h */,
				540E013919AD7526008538D3 /* libhangul.a */,
				540E010A19AC6FF8008538D3 /* AewolInputMethod */,
				540E011E19AC6FF9008538D3 /* AewolInputMethodTests */,
				540E010919AC6FF8008538D3 /* Products */,
				540E012E19AC7084008538D3 /* InputMethodKit.framework */,
			);
			sourceTree = "<group>";
		};
		540E010919AC6FF8008538D3 /* Products */ = {
			isa = PBXGroup;
			children = (
				540E010819AC6FF8008538D3 /* AewolInputMethod.app */,
				540E011B19AC6FF9008538D3 /* AewolInputMethodTests.xctest */,
			);
			name = Products;
			sourceTree = "<group>";
		};
		540E010A19AC6FF8008538D3 /* AewolInputMethod */ = {
			isa = PBXGroup;
			children = (
				547B331419ADBD270058731C /* Icons */,
				540E010F19AC6FF8008538D3 /* AppDelegate.h */,
				540E011019AC6FF8008538D3 /* AppDelegate.m */,
				540E011219AC6FF8008538D3 /* Images.xcassets */,
				540E011419AC6FF8008538D3 /* MainMenu.xib */,
				540E010B19AC6FF8008538D3 /* Supporting Files */,
				540E013019AC70C8008538D3 /* AewolInputController.h */,
				540E013119AC70C8008538D3 /* AewolInputController.m */,
			);
			path = AewolInputMethod;
			sourceTree = "<group>";
		};
		540E010B19AC6FF8008538D3 /* Supporting Files */ = {
			isa = PBXGroup;
			children = (
				540E010C19AC6FF8008538D3 /* Info.plist */,
				547B335919ADBF1D0058731C /* InfoPlist.strings */,
				540E010D19AC6FF8008538D3 /* main.m */,
			);
			name = "Supporting Files";
			sourceTree = "<group>";
		};
		540E011E19AC6FF9008538D3 /* AewolInputMethodTests */ = {
			isa = PBXGroup;
			children = (
				540E012119AC6FF9008538D3 /* LibHangulTests.m */,
				540E011F19AC6FF9008538D3 /* Supporting Files */,
				54340DEA19B735E500E027F9 /* AewolInputTests.m */,
			);
			path = AewolInputMethodTests;
			sourceTree = "<group>";
		};
		540E011F19AC6FF9008538D3 /* Supporting Files */ = {
			isa = PBXGroup;
			children = (
				540E012019AC6FF9008538D3 /* Info.plist */,
			);
			name = "Supporting Files";
			sourceTree = "<group>";
		};
		547B331419ADBD270058731C /* Icons */ = {
			isa = PBXGroup;
			children = (
				5431BBC019BFBDD9003D59B7 /* han2_rev.png */,
				5431BBC119BFBDD9003D59B7 /* han2_rev@2x.png */,
				5431BBC219BFBDD9003D59B7 /* han2.png */,
				5431BBC319BFBDD9003D59B7 /* han2@2x.png */,
				5431BBC419BFBDD9003D59B7 /* han3_rev.png */,
				5431BBC519BFBDD9003D59B7 /* han3_rev@2x.png */,
				5431BBC619BFBDD9003D59B7 /* han3.png */,
				5431BBC719BFBDD9003D59B7 /* han3@2x.png */,
				5441611519BF254A005178F1 /* qw_rev.png */,
				5441611619BF254A005178F1 /* qw_rev@2x.png */,
				5441611719BF254A005178F1 /* qw.png */,
				5441611819BF254A005178F1 /* qw@2x.png */,
				5441611919BF254A005178F1 /* dv_rev.png */,
				5441611A19BF254B005178F1 /* dv_rev@2x.png */,
				5441611B19BF254B005178F1 /* dv.png */,
				5441611C19BF254B005178F1 /* dv@2x.png */,
			);
			path = Icons;
			sourceTree = "<group>";
		};
/* End PBXGroup section */

/* Begin PBXNativeTarget section */
		540E010719AC6FF8008538D3 /* AewolInputMethod */ = {
			isa = PBXNativeTarget;
			buildConfigurationList = 540E012519AC6FF9008538D3 /* Build configuration list for PBXNativeTarget "AewolInputMethod" */;
			buildPhases = (
				540E010419AC6FF8008538D3 /* Sources */,
				540E010519AC6FF8008538D3 /* Frameworks */,
				540E010619AC6FF8008538D3 /* Resources */,
			);
			buildRules = (
			);
			dependencies = (
			);
			name = AewolInputMethod;
			productName = AewolHangulInput;
			productReference = 540E010819AC6FF8008538D3 /* AewolInputMethod.app */;
			productType = "com.apple.product-type.application";
		};
		540E011A19AC6FF9008538D3 /* AewolInputMethodTests */ = {
			isa = PBXNativeTarget;
			buildConfigurationList = 540E012819AC6FF9008538D3 /* Build configuration list for PBXNativeTarget "AewolInputMethodTests" */;
			buildPhases = (
				540E011719AC6FF9008538D3 /* Sources */,
				540E011819AC6FF9008538D3 /* Frameworks */,
				540E011919AC6FF9008538D3 /* Resources */,
			);
			buildRules = (
			);
			dependencies = (
				540E011D19AC6FF9008538D3 /* PBXTargetDependency */,
				540E013D19ADAEC8008538D3 /* PBXTargetDependency */,
			);
			name = AewolInputMethodTests;
			productName = AewolHangulInputTests;
			productReference = 540E011B19AC6FF9008538D3 /* AewolInputMethodTests.xctest */;
			productType = "com.apple.product-type.bundle.unit-test";
		};
/* End PBXNativeTarget section */

/* Begin PBXProject section */
		540E010019AC6FF8008538D3 /* Project object */ = {
			isa = PBXProject;
			attributes = {
				LastUpgradeCheck = 0600;
				ORGANIZATIONNAME = aewolstory;
				TargetAttributes = {
					540E010719AC6FF8008538D3 = {
						CreatedOnToolsVersion = 6.0;
						DevelopmentTeam = 4KBAA68FP4;
					};
					540E011A19AC6FF9008538D3 = {
						CreatedOnToolsVersion = 6.0;
					};
				};
			};
			buildConfigurationList = 540E010319AC6FF8008538D3 /* Build configuration list for PBXProject "AewolInputMethod" */;
			compatibilityVersion = "Xcode 3.2";
			developmentRegion = English;
			hasScannedForEncodings = 0;
			knownRegions = (
				en,
				Base,
			);
			mainGroup = 540E00FF19AC6FF8008538D3;
			productRefGroup = 540E010919AC6FF8008538D3 /* Products */;
			projectDirPath = "";
			projectRoot = "";
			targets = (
				540E010719AC6FF8008538D3 /* AewolInputMethod */,
				540E011A19AC6FF9008538D3 /* AewolInputMethodTests */,
			);
		};
/* End PBXProject section */

/* Begin PBXResourcesBuildPhase section */
		540E010619AC6FF8008538D3 /* Resources */ = {
			isa = PBXResourcesBuildPhase;
			buildActionMask = 2147483647;
			files = (
				5431BBCA19BFBDD9003D59B7 /* han2.png in Resources */,
				5441611D19BF254B005178F1 /* qw_rev.png in Resources */,
				5441612319BF254B005178F1 /* dv.png in Resources */,
				5431BBCD19BFBDD9003D59B7 /* han3_rev@2x.png in Resources */,
				540E011319AC6FF8008538D3 /* Images.xcassets in Resources */,
				5441612219BF254B005178F1 /* dv_rev@2x.png in Resources */,
				5431BBCC19BFBDD9003D59B7 /* han3_rev.png in Resources */,
				5431BBC919BFBDD9003D59B7 /* han2_rev@2x.png in Resources */,
				5431BBC819BFBDD9003D59B7 /* han2_rev.png in Resources */,
				5431BBCF19BFBDD9003D59B7 /* han3@2x.png in Resources */,
				5441611E19BF254B005178F1 /* qw_rev@2x.png in Resources */,
				5441612419BF254B005178F1 /* dv@2x.png in Resources */,
				5431BBCE19BFBDD9003D59B7 /* han3.png in Resources */,
				5431BBCB19BFBDD9003D59B7 /* han2@2x.png in Resources */,
				5441611F19BF254B005178F1 /* qw.png in Resources */,
				540E011619AC6FF8008538D3 /* MainMenu.xib in Resources */,
				5441612119BF254B005178F1 /* dv_rev.png in Resources */,
				5441612019BF254B005178F1 /* qw@2x.png in Resources */,
				547B335A19ADBF1D0058731C /* InfoPlist.strings in Resources */,
			);
			runOnlyForDeploymentPostprocessing = 0;
		};
		540E011919AC6FF9008538D3 /* Resources */ = {
			isa = PBXResourcesBuildPhase;
			buildActionMask = 2147483647;
			files = (
			);
			runOnlyForDeploymentPostprocessing = 0;
		};
/* End PBXResourcesBuildPhase section */

/* Begin PBXSourcesBuildPhase section */
		540E010419AC6FF8008538D3 /* Sources */ = {
			isa = PBXSourcesBuildPhase;
			buildActionMask = 2147483647;
			files = (
				540E011119AC6FF8008538D3 /* AppDelegate.m in Sources */,
				540E013219AC70C8008538D3 /* AewolInputController.m in Sources */,
				540E010E19AC6FF8008538D3 /* main.m in Sources */,
			);
			runOnlyForDeploymentPostprocessing = 0;
		};
		540E011719AC6FF9008538D3 /* Sources */ = {
			isa = PBXSourcesBuildPhase;
			buildActionMask = 2147483647;
			files = (
				540E012219AC6FF9008538D3 /* LibHangulTests.m in Sources */,
				54340DEB19B735E500E027F9 /* AewolInputTests.m in Sources */,
				540E013319AC70C8008538D3 /* AewolInputController.m in Sources */,
			);
			runOnlyForDeploymentPostprocessing = 0;
		};
/* End PBXSourcesBuildPhase section */

/* Begin PBXTargetDependency section */
		540E011D19AC6FF9008538D3 /* PBXTargetDependency */ = {
			isa = PBXTargetDependency;
			target = 540E010719AC6FF8008538D3 /* AewolInputMethod */;
			targetProxy = 540E011C19AC6FF9008538D3 /* PBXContainerItemProxy */;
		};
		540E013D19ADAEC8008538D3 /* PBXTargetDependency */ = {
			isa = PBXTargetDependency;
			target = 540E010719AC6FF8008538D3 /* AewolInputMethod */;
			targetProxy = 540E013C19ADAEC8008538D3 /* PBXContainerItemProxy */;
		};
/* End PBXTargetDependency section */

/* Begin PBXVariantGroup section */
		540E011419AC6FF8008538D3 /* MainMenu.xib */ = {
			isa = PBXVariantGroup;
			children = (
				540E011519AC6FF8008538D3 /* Base */,
			);
			name = MainMenu.xib;
			sourceTree = "<group>";
		};
/* End PBXVariantGroup section */

/* Begin XCBuildConfiguration section */
		540E012319AC6FF9008538D3 /* Debug */ = {
			isa = XCBuildConfiguration;
			buildSettings = {
				ALWAYS_SEARCH_USER_PATHS = NO;
				CLANG_CXX_LANGUAGE_STANDARD = "gnu++0x";
				CLANG_CXX_LIBRARY = "libc++";
				CLANG_ENABLE_MODULES = YES;
				CLANG_ENABLE_OBJC_ARC = YES;
				CLANG_WARN_BOOL_CONVERSION = YES;
				CLANG_WARN_CONSTANT_CONVERSION = YES;
				CLANG_WARN_DIRECT_OBJC_ISA_USAGE = YES_ERROR;
				CLANG_WARN_EMPTY_BODY = YES;
				CLANG_WARN_ENUM_CONVERSION = YES;
				CLANG_WARN_INT_CONVERSION = YES;
				CLANG_WARN_OBJC_ROOT_CLASS = YES_ERROR;
				CLANG_WARN_UNREACHABLE_CODE = YES;
				CLANG_WARN__DUPLICATE_METHOD_MATCH = YES;
				CODE_SIGN_IDENTITY = "-";
				COPY_PHASE_STRIP = NO;
				ENABLE_STRICT_OBJC_MSGSEND = YES;
				GCC_C_LANGUAGE_STANDARD = gnu99;
				GCC_DYNAMIC_NO_PIC = NO;
				GCC_OPTIMIZATION_LEVEL = 0;
				GCC_PREPROCESSOR_DEFINITIONS = (
					"DEBUG=1",
					"$(inherited)",
				);
				GCC_SYMBOLS_PRIVATE_EXTERN = NO;
				GCC_WARN_64_TO_32_BIT_CONVERSION = YES;
				GCC_WARN_ABOUT_RETURN_TYPE = YES_ERROR;
				GCC_WARN_UNDECLARED_SELECTOR = YES;
				GCC_WARN_UNINITIALIZED_AUTOS = YES_AGGRESSIVE;
				GCC_WARN_UNUSED_FUNCTION = YES;
				GCC_WARN_UNUSED_VARIABLE = YES;
				MACOSX_DEPLOYMENT_TARGET = 10.10;
				MTL_ENABLE_DEBUG_INFO = YES;
				ONLY_ACTIVE_ARCH = YES;
				SDKROOT = macosx;
			};
			name = Debug;
		};
		540E012419AC6FF9008538D3 /* Release */ = {
			isa = XCBuildConfiguration;
			buildSettings = {
				ALWAYS_SEARCH_USER_PATHS = NO;
				CLANG_CXX_LANGUAGE_STANDARD = "gnu++0x";
				CLANG_CXX_LIBRARY = "libc++";
				CLANG_ENABLE_MODULES = YES;
				CLANG_ENABLE_OBJC_ARC = YES;
				CLANG_WARN_BOOL_CONVERSION = YES;
				CLANG_WARN_CONSTANT_CONVERSION = YES;
				CLANG_WARN_DIRECT_OBJC_ISA_USAGE = YES_ERROR;
				CLANG_WARN_EMPTY_BODY = YES;
				CLANG_WARN_ENUM_CONVERSION = YES;
				CLANG_WARN_INT_CONVERSION = YES;
				CLANG_WARN_OBJC_ROOT_CLASS = YES_ERROR;
				CLANG_WARN_UNREACHABLE_CODE = YES;
				CLANG_WARN__DUPLICATE_METHOD_MATCH = YES;
				CODE_SIGN_IDENTITY = "-";
				COPY_PHASE_STRIP = YES;
				DEBUG_INFORMATION_FORMAT = "dwarf-with-dsym";
				ENABLE_NS_ASSERTIONS = NO;
				ENABLE_STRICT_OBJC_MSGSEND = YES;
				GCC_C_LANGUAGE_STANDARD = gnu99;
				GCC_WARN_64_TO_32_BIT_CONVERSION = YES;
				GCC_WARN_ABOUT_RETURN_TYPE = YES_ERROR;
				GCC_WARN_UNDECLARED_SELECTOR = YES;
				GCC_WARN_UNINITIALIZED_AUTOS = YES_AGGRESSIVE;
				GCC_WARN_UNUSED_FUNCTION = YES;
				GCC_WARN_UNUSED_VARIABLE = YES;
				MACOSX_DEPLOYMENT_TARGET = 10.10;
				MTL_ENABLE_DEBUG_INFO = NO;
				SDKROOT = macosx;
			};
			name = Release;
		};
		540E012619AC6FF9008538D3 /* Debug */ = {
			isa = XCBuildConfiguration;
			buildSettings = {
				ASSETCATALOG_COMPILER_APPICON_NAME = AppIcon;
				COMBINE_HIDPI_IMAGES = YES;
				FRAMEWORK_SEARCH_PATHS = (
					"$(inherited)",
					"$(PROJECT_DIR)",
				);
				INFOPLIST_FILE = "$(SRCROOT)/AewolInputMethod/Info.plist";
				INSTALL_PATH = "";
				LD_RUNPATH_SEARCH_PATHS = "$(inherited) @executable_path/../Frameworks";
				LIBRARY_SEARCH_PATHS = (
					"$(inherited)",
					"$(PROJECT_DIR)",
				);
				MACOSX_DEPLOYMENT_TARGET = 10.9;
				PRODUCT_NAME = AewolInputMethod;
				SDKROOT = macosx10.9;
			};
			name = Debug;
		};
		540E012719AC6FF9008538D3 /* Release */ = {
			isa = XCBuildConfiguration;
			buildSettings = {
				ASSETCATALOG_COMPILER_APPICON_NAME = AppIcon;
				COMBINE_HIDPI_IMAGES = YES;
				FRAMEWORK_SEARCH_PATHS = (
					"$(inherited)",
					"$(PROJECT_DIR)",
				);
				INFOPLIST_FILE = "$(SRCROOT)/AewolInputMethod/Info.plist";
				INSTALL_PATH = "";
				LD_RUNPATH_SEARCH_PATHS = "$(inherited) @executable_path/../Frameworks";
				LIBRARY_SEARCH_PATHS = (
					"$(inherited)",
					"$(PROJECT_DIR)",
				);
				MACOSX_DEPLOYMENT_TARGET = 10.9;
				PRODUCT_NAME = AewolInputMethod;
				SDKROOT = macosx10.9;
			};
			name = Release;
		};
		540E012919AC6FF9008538D3 /* Debug */ = {
			isa = XCBuildConfiguration;
			buildSettings = {
				COMBINE_HIDPI_IMAGES = YES;
				FRAMEWORK_SEARCH_PATHS = (
					"$(DEVELOPER_FRAMEWORKS_DIR)",
					"$(inherited)",
					"$(PROJECT_DIR)",
				);
				GCC_PREPROCESSOR_DEFINITIONS = (
					"DEBUG=1",
					"$(inherited)",
				);
				INFOPLIST_FILE = AewolInputMethodTests/Info.plist;
				LD_RUNPATH_SEARCH_PATHS = "$(inherited) @executable_path/../Frameworks @loader_path/../Frameworks";
				LIBRARY_SEARCH_PATHS = (
					"$(inherited)",
					"$(PROJECT_DIR)",
				);
				PRODUCT_NAME = AewolInputMethodTests;
			};
			name = Debug;
		};
		540E012A19AC6FF9008538D3 /* Release */ = {
			isa = XCBuildConfiguration;
			buildSettings = {
				COMBINE_HIDPI_IMAGES = YES;
				FRAMEWORK_SEARCH_PATHS = (
					"$(DEVELOPER_FRAMEWORKS_DIR)",
					"$(inherited)",
					"$(PROJECT_DIR)",
				);
				INFOPLIST_FILE = AewolInputMethodTests/Info.plist;
				LD_RUNPATH_SEARCH_PATHS = "$(inherited) @executable_path/../Frameworks @loader_path/../Frameworks";
				LIBRARY_SEARCH_PATHS = (
					"$(inherited)",
					"$(PROJECT_DIR)",
				);
				PRODUCT_NAME = AewolInputMethodTests;
			};
			name = Release;
		};
/* End XCBuildConfiguration section */

/* Begin XCConfigurationList section */
		540E010319AC6FF8008538D3 /* Build configuration list for PBXProject "AewolInputMethod" */ = {
			isa = XCConfigurationList;
			buildConfigurations = (
				540E012319AC6FF9008538D3 /* Debug */,
				540E012419AC6FF9008538D3 /* Release */,
			);
			defaultConfigurationIsVisible = 0;
			defaultConfigurationName = Release;
		};
		540E012519AC6FF9008538D3 /* Build configuration list for PBXNativeTarget "AewolInputMethod" */ = {
			isa = XCConfigurationList;
			buildConfigurations = (
				540E012619AC6FF9008538D3 /* Debug */,
				540E012719AC6FF9008538D3 /* Release */,
			);
			defaultConfigurationIsVisible = 0;
			defaultConfigurationName = Release;
		};
		540E012819AC6FF9008538D3 /* Build configuration list for PBXNativeTarget "AewolInputMethodTests" */ = {
			isa = XCConfigurationList;
			buildConfigurations = (
				540E012919AC6FF9008538D3 /* Debug */,
				540E012A19AC6FF9008538D3 /* Release */,
			);
			defaultConfigurationIsVisible = 0;
			defaultConfigurationName = Release;
		};
/* End XCConfigurationList section */
	};
	rootObject = 540E010019AC6FF8008538D3 /* Project object */;
}
